// !$*UTF8*$!
{
	archiveVersion = 1;
	classes = {
	};
	objectVersion = 51;
	objects = {

/* Begin PBXBuildFile section */
		3B6DC74BC4735D5F65C97F9D /* Pods_CityAirportSearch.framework in Frameworks */ = {isa = PBXBuildFile; fileRef = 5E0D117B2CD1A4F72FE98EF1 /* Pods_CityAirportSearch.framework */; };
		7F04183526F4C02400AE3815 /* SearchCityViewModel.swift in Sources */ = {isa = PBXBuildFile; fileRef = 7F04183426F4C02400AE3815 /* SearchCityViewModel.swift */; };
		7F04183826F5CA6700AE3815 /* SearchCityCoordinator.swift in Sources */ = {isa = PBXBuildFile; fileRef = 7F04183726F5CA6700AE3815 /* SearchCityCoordinator.swift */; };
		7F04183A26F5CAAD00AE3815 /* Coordinator.swift in Sources */ = {isa = PBXBuildFile; fileRef = 7F04183926F5CAAD00AE3815 /* Coordinator.swift */; };
		7F04183C26F5CC9400AE3815 /* BaseCoordinator.swift in Sources */ = {isa = PBXBuildFile; fileRef = 7F04183B26F5CC9400AE3815 /* BaseCoordinator.swift */; };
		7F04183F26F5CD8B00AE3815 /* Storyboardable.swift in Sources */ = {isa = PBXBuildFile; fileRef = 7F04183E26F5CD8B00AE3815 /* Storyboardable.swift */; };
		7F2FBE7D26F4B80B00760483 /* AppDelegate.swift in Sources */ = {isa = PBXBuildFile; fileRef = 7F2FBE7C26F4B80B00760483 /* AppDelegate.swift */; };
		7F2FBE7F26F4B80B00760483 /* SceneDelegate.swift in Sources */ = {isa = PBXBuildFile; fileRef = 7F2FBE7E26F4B80B00760483 /* SceneDelegate.swift */; };
		7F2FBE8126F4B80B00760483 /* SearchCityViewController.swift in Sources */ = {isa = PBXBuildFile; fileRef = 7F2FBE8026F4B80B00760483 /* SearchCityViewController.swift */; };
		7F2FBE8426F4B80B00760483 /* Main.storyboard in Resources */ = {isa = PBXBuildFile; fileRef = 7F2FBE8226F4B80B00760483 /* Main.storyboard */; };
		7F2FBE8626F4B80C00760483 /* Assets.xcassets in Resources */ = {isa = PBXBuildFile; fileRef = 7F2FBE8526F4B80C00760483 /* Assets.xcassets */; };
		7F2FBE8926F4B80C00760483 /* LaunchScreen.storyboard in Resources */ = {isa = PBXBuildFile; fileRef = 7F2FBE8726F4B80C00760483 /* LaunchScreen.storyboard */; };
/* End PBXBuildFile section */

/* Begin PBXFileReference section */
		50186B1938A6C525B26EFEC8 /* Pods-CityAirportSearch.release.xcconfig */ = {isa = PBXFileReference; includeInIndex = 1; lastKnownFileType = text.xcconfig; name = "Pods-CityAirportSearch.release.xcconfig"; path = "Target Support Files/Pods-CityAirportSearch/Pods-CityAirportSearch.release.xcconfig"; sourceTree = "<group>"; };
		5E0D117B2CD1A4F72FE98EF1 /* Pods_CityAirportSearch.framework */ = {isa = PBXFileReference; explicitFileType = wrapper.framework; includeInIndex = 0; path = Pods_CityAirportSearch.framework; sourceTree = BUILT_PRODUCTS_DIR; };
		7F04183426F4C02400AE3815 /* SearchCityViewModel.swift */ = {isa = PBXFileReference; lastKnownFileType = sourcecode.swift; path = SearchCityViewModel.swift; sourceTree = "<group>"; };
		7F04183726F5CA6700AE3815 /* SearchCityCoordinator.swift */ = {isa = PBXFileReference; lastKnownFileType = sourcecode.swift; path = SearchCityCoordinator.swift; sourceTree = "<group>"; };
		7F04183926F5CAAD00AE3815 /* Coordinator.swift */ = {isa = PBXFileReference; lastKnownFileType = sourcecode.swift; path = Coordinator.swift; sourceTree = "<group>"; };
		7F04183B26F5CC9400AE3815 /* BaseCoordinator.swift */ = {isa = PBXFileReference; lastKnownFileType = sourcecode.swift; path = BaseCoordinator.swift; sourceTree = "<group>"; };
		7F04183E26F5CD8B00AE3815 /* Storyboardable.swift */ = {isa = PBXFileReference; lastKnownFileType = sourcecode.swift; path = Storyboardable.swift; sourceTree = "<group>"; };
		7F2FBE7926F4B80B00760483 /* CityAirportSearch.app */ = {isa = PBXFileReference; explicitFileType = wrapper.application; includeInIndex = 0; path = CityAirportSearch.app; sourceTree = BUILT_PRODUCTS_DIR; };
		7F2FBE7C26F4B80B00760483 /* AppDelegate.swift */ = {isa = PBXFileReference; lastKnownFileType = sourcecode.swift; path = AppDelegate.swift; sourceTree = "<group>"; };
		7F2FBE7E26F4B80B00760483 /* SceneDelegate.swift */ = {isa = PBXFileReference; lastKnownFileType = sourcecode.swift; path = SceneDelegate.swift; sourceTree = "<group>"; };
		7F2FBE8026F4B80B00760483 /* SearchCityViewController.swift */ = {isa = PBXFileReference; lastKnownFileType = sourcecode.swift; path = SearchCityViewController.swift; sourceTree = "<group>"; };
		7F2FBE8326F4B80B00760483 /* Base */ = {isa = PBXFileReference; lastKnownFileType = file.storyboard; name = Base; path = Base.lproj/Main.storyboard; sourceTree = "<group>"; };
		7F2FBE8526F4B80C00760483 /* Assets.xcassets */ = {isa = PBXFileReference; lastKnownFileType = folder.assetcatalog; path = Assets.xcassets; sourceTree = "<group>"; };
		7F2FBE8826F4B80C00760483 /* Base */ = {isa = PBXFileReference; lastKnownFileType = file.storyboard; name = Base; path = Base.lproj/LaunchScreen.storyboard; sourceTree = "<group>"; };
		7F2FBE8A26F4B80C00760483 /* Info.plist */ = {isa = PBXFileReference; lastKnownFileType = text.plist.xml; path = Info.plist; sourceTree = "<group>"; };
		FC811A9E3926E754AFE4B34E /* Pods-CityAirportSearch.debug.xcconfig */ = {isa = PBXFileReference; includeInIndex = 1; lastKnownFileType = text.xcconfig; name = "Pods-CityAirportSearch.debug.xcconfig"; path = "Target Support Files/Pods-CityAirportSearch/Pods-CityAirportSearch.debug.xcconfig"; sourceTree = "<group>"; };
/* End PBXFileReference section */

/* Begin PBXFrameworksBuildPhase section */
		7F2FBE7626F4B80B00760483 /* Frameworks */ = {
			isa = PBXFrameworksBuildPhase;
			buildActionMask = 2147483647;
			files = (
				3B6DC74BC4735D5F65C97F9D /* Pods_CityAirportSearch.framework in Frameworks */,
			);
			runOnlyForDeploymentPostprocessing = 0;
		};
/* End PBXFrameworksBuildPhase section */

/* Begin PBXGroup section */
		7F04183226F4C00500AE3815 /* View */ = {
			isa = PBXGroup;
			children = (
				7F2FBE8026F4B80B00760483 /* SearchCityViewController.swift */,
			);
			path = View;
			sourceTree = "<group>";
		};
		7F04183326F4C01200AE3815 /* ViewModel */ = {
			isa = PBXGroup;
			children = (
				7F04183426F4C02400AE3815 /* SearchCityViewModel.swift */,
			);
			path = ViewModel;
			sourceTree = "<group>";
		};
		7F04183626F5CA5D00AE3815 /* Coordinator */ = {
			isa = PBXGroup;
			children = (
				7F04183726F5CA6700AE3815 /* SearchCityCoordinator.swift */,
				7F04183926F5CAAD00AE3815 /* Coordinator.swift */,
				7F04183B26F5CC9400AE3815 /* BaseCoordinator.swift */,
			);
			path = Coordinator;
			sourceTree = "<group>";
		};
		7F04183D26F5CD7800AE3815 /* Shared */ = {
			isa = PBXGroup;
			children = (
				7F04183E26F5CD8B00AE3815 /* Storyboardable.swift */,
			);
			path = Shared;
			sourceTree = "<group>";
		};
		7F2FBE7026F4B80B00760483 = {
			isa = PBXGroup;
			children = (
				7F2FBE7B26F4B80B00760483 /* CityAirportSearch */,
				7F2FBE7A26F4B80B00760483 /* Products */,
				F188861B013EF30C5BCAFEFD /* Pods */,
				B40518B9D49D2DB46BF0C6A2 /* Frameworks */,
			);
			sourceTree = "<group>";
		};
		7F2FBE7A26F4B80B00760483 /* Products */ = {
			isa = PBXGroup;
			children = (
				7F2FBE7926F4B80B00760483 /* CityAirportSearch.app */,
			);
			name = Products;
			sourceTree = "<group>";
		};
		7F2FBE7B26F4B80B00760483 /* CityAirportSearch */ = {
			isa = PBXGroup;
			children = (
				7F04183D26F5CD7800AE3815 /* Shared */,
				7F04183626F5CA5D00AE3815 /* Coordinator */,
				7F04183326F4C01200AE3815 /* ViewModel */,
				7F04183226F4C00500AE3815 /* View */,
				7F2FBE7C26F4B80B00760483 /* AppDelegate.swift */,
				7F2FBE7E26F4B80B00760483 /* SceneDelegate.swift */,
				7F2FBE8226F4B80B00760483 /* Main.storyboard */,
				7F2FBE8526F4B80C00760483 /* Assets.xcassets */,
				7F2FBE8726F4B80C00760483 /* LaunchScreen.storyboard */,
				7F2FBE8A26F4B80C00760483 /* Info.plist */,
			);
			path = CityAirportSearch;
			sourceTree = "<group>";
		};
		B40518B9D49D2DB46BF0C6A2 /* Frameworks */ = {
			isa = PBXGroup;
			children = (
				5E0D117B2CD1A4F72FE98EF1 /* Pods_CityAirportSearch.framework */,
			);
			name = Frameworks;
			sourceTree = "<group>";
		};
		F188861B013EF30C5BCAFEFD /* Pods */ = {
			isa = PBXGroup;
			children = (
				FC811A9E3926E754AFE4B34E /* Pods-CityAirportSearch.debug.xcconfig */,
				50186B1938A6C525B26EFEC8 /* Pods-CityAirportSearch.release.xcconfig */,
			);
			path = Pods;
			sourceTree = "<group>";
		};
/* End PBXGroup section */

/* Begin PBXNativeTarget section */
		7F2FBE7826F4B80B00760483 /* CityAirportSearch */ = {
			isa = PBXNativeTarget;
			buildConfigurationList = 7F2FBE8D26F4B80C00760483 /* Build configuration list for PBXNativeTarget "CityAirportSearch" */;
			buildPhases = (
				8544A300DACC25F956528323 /* [CP] Check Pods Manifest.lock */,
				7F2FBE7526F4B80B00760483 /* Sources */,
				7F2FBE7626F4B80B00760483 /* Frameworks */,
				7F2FBE7726F4B80B00760483 /* Resources */,
				E9EF93A76B32D2FBAD657A25 /* [CP] Embed Pods Frameworks */,
			);
			buildRules = (
			);
			dependencies = (
			);
			name = CityAirportSearch;
			productName = CityAirportSearch;
			productReference = 7F2FBE7926F4B80B00760483 /* CityAirportSearch.app */;
			productType = "com.apple.product-type.application";
		};
/* End PBXNativeTarget section */

/* Begin PBXProject section */
		7F2FBE7126F4B80B00760483 /* Project object */ = {
			isa = PBXProject;
			attributes = {
				LastSwiftUpdateCheck = 1250;
				LastUpgradeCheck = 1250;
				TargetAttributes = {
					7F2FBE7826F4B80B00760483 = {
						CreatedOnToolsVersion = 12.5.1;
					};
				};
			};
			buildConfigurationList = 7F2FBE7426F4B80B00760483 /* Build configuration list for PBXProject "CityAirportSearch" */;
			compatibilityVersion = "Xcode 9.3";
			developmentRegion = en;
			hasScannedForEncodings = 0;
			knownRegions = (
				en,
				Base,
			);
			mainGroup = 7F2FBE7026F4B80B00760483;
			productRefGroup = 7F2FBE7A26F4B80B00760483 /* Products */;
			projectDirPath = "";
			projectRoot = "";
			targets = (
				7F2FBE7826F4B80B00760483 /* CityAirportSearch */,
			);
		};
/* End PBXProject section */

/* Begin PBXResourcesBuildPhase section */
		7F2FBE7726F4B80B00760483 /* Resources */ = {
			isa = PBXResourcesBuildPhase;
			buildActionMask = 2147483647;
			files = (
				7F2FBE8926F4B80C00760483 /* LaunchScreen.storyboard in Resources */,
				7F2FBE8626F4B80C00760483 /* Assets.xcassets in Resources */,
				7F2FBE8426F4B80B00760483 /* Main.storyboard in Resources */,
			);
			runOnlyForDeploymentPostprocessing = 0;
		};
/* End PBXResourcesBuildPhase section */

/* Begin PBXShellScriptBuildPhase section */
		8544A300DACC25F956528323 /* [CP] Check Pods Manifest.lock */ = {
			isa = PBXShellScriptBuildPhase;
			buildActionMask = 2147483647;
			files = (
			);
			inputFileListPaths = (
			);
			inputPaths = (
				"${PODS_PODFILE_DIR_PATH}/Podfile.lock",
				"${PODS_ROOT}/Manifest.lock",
			);
			name = "[CP] Check Pods Manifest.lock";
			outputFileListPaths = (
			);
			outputPaths = (
				"$(DERIVED_FILE_DIR)/Pods-CityAirportSearch-checkManifestLockResult.txt",
			);
			runOnlyForDeploymentPostprocessing = 0;
			shellPath = /bin/sh;
			shellScript = "diff \"${PODS_PODFILE_DIR_PATH}/Podfile.lock\" \"${PODS_ROOT}/Manifest.lock\" > /dev/null\nif [ $? != 0 ] ; then\n    # print error to STDERR\n    echo \"error: The sandbox is not in sync with the Podfile.lock. Run 'pod install' or update your CocoaPods installation.\" >&2\n    exit 1\nfi\n# This output is used by Xcode 'outputs' to avoid re-running this script phase.\necho \"SUCCESS\" > \"${SCRIPT_OUTPUT_FILE_0}\"\n";
			showEnvVarsInLog = 0;
		};
		E9EF93A76B32D2FBAD657A25 /* [CP] Embed Pods Frameworks */ = {
			isa = PBXShellScriptBuildPhase;
			buildActionMask = 2147483647;
			files = (
			);
			inputFileListPaths = (
				"${PODS_ROOT}/Target Support Files/Pods-CityAirportSearch/Pods-CityAirportSearch-frameworks-${CONFIGURATION}-input-files.xcfilelist",
			);
			name = "[CP] Embed Pods Frameworks";
			outputFileListPaths = (
				"${PODS_ROOT}/Target Support Files/Pods-CityAirportSearch/Pods-CityAirportSearch-frameworks-${CONFIGURATION}-output-files.xcfilelist",
			);
			runOnlyForDeploymentPostprocessing = 0;
			shellPath = /bin/sh;
			shellScript = "\"${PODS_ROOT}/Target Support Files/Pods-CityAirportSearch/Pods-CityAirportSearch-frameworks.sh\"\n";
			showEnvVarsInLog = 0;
		};
/* End PBXShellScriptBuildPhase section */

/* Begin PBXSourcesBuildPhase section */
		7F2FBE7526F4B80B00760483 /* Sources */ = {
			isa = PBXSourcesBuildPhase;
			buildActionMask = 2147483647;
			files = (
				7F2FBE8126F4B80B00760483 /* SearchCityViewController.swift in Sources */,
				7F2FBE7D26F4B80B00760483 /* AppDelegate.swift in Sources */,
				7F04183A26F5CAAD00AE3815 /* Coordinator.swift in Sources */,
				7F04183826F5CA6700AE3815 /* SearchCityCoordinator.swift in Sources */,
				7F04183F26F5CD8B00AE3815 /* Storyboardable.swift in Sources */,
				7F04183C26F5CC9400AE3815 /* BaseCoordinator.swift in Sources */,
				7F04183526F4C02400AE3815 /* SearchCityViewModel.swift in Sources */,
				7F2FBE7F26F4B80B00760483 /* SceneDelegate.swift in Sources */,
			);
			runOnlyForDeploymentPostprocessing = 0;
		};
/* End PBXSourcesBuildPhase section */

/* Begin PBXVariantGroup section */
		7F2FBE8226F4B80B00760483 /* Main.storyboard */ = {
			isa = PBXVariantGroup;
			children = (
				7F2FBE8326F4B80B00760483 /* Base */,
			);
			name = Main.storyboard;
			sourceTree = "<group>";
		};
		7F2FBE8726F4B80C00760483 /* LaunchScreen.storyboard */ = {
			isa = PBXVariantGroup;
			children = (
				7F2FBE8826F4B80C00760483 /* Base */,
			);
			name = LaunchScreen.storyboard;
			sourceTree = "<group>";
		};
/* End PBXVariantGroup section */

/* Begin XCBuildConfiguration section */
		7F2FBE8B26F4B80C00760483 /* Debug */ = {
			isa = XCBuildConfiguration;
			buildSettings = {
				ALWAYS_SEARCH_USER_PATHS = NO;
				CLANG_ANALYZER_NONNULL = YES;
				CLANG_ANALYZER_NUMBER_OBJECT_CONVERSION = YES_AGGRESSIVE;
				CLANG_CXX_LANGUAGE_STANDARD = "gnu++14";
				CLANG_CXX_LIBRARY = "libc++";
				CLANG_ENABLE_MODULES = YES;
				CLANG_ENABLE_OBJC_ARC = YES;
				CLANG_ENABLE_OBJC_WEAK = YES;
				CLANG_WARN_BLOCK_CAPTURE_AUTORELEASING = YES;
				CLANG_WARN_BOOL_CONVERSION = YES;
				CLANG_WARN_COMMA = YES;
				CLANG_WARN_CONSTANT_CONVERSION = YES;
				CLANG_WARN_DEPRECATED_OBJC_IMPLEMENTATIONS = YES;
				CLANG_WARN_DIRECT_OBJC_ISA_USAGE = YES_ERROR;
				CLANG_WARN_DOCUMENTATION_COMMENTS = YES;
				CLANG_WARN_EMPTY_BODY = YES;
				CLANG_WARN_ENUM_CONVERSION = YES;
				CLANG_WARN_INFINITE_RECURSION = YES;
				CLANG_WARN_INT_CONVERSION = YES;
				CLANG_WARN_NON_LITERAL_NULL_CONVERSION = YES;
				CLANG_WARN_OBJC_IMPLICIT_RETAIN_SELF = YES;
				CLANG_WARN_OBJC_LITERAL_CONVERSION = YES;
				CLANG_WARN_OBJC_ROOT_CLASS = YES_ERROR;
				CLANG_WARN_QUOTED_INCLUDE_IN_FRAMEWORK_HEADER = YES;
				CLANG_WARN_RANGE_LOOP_ANALYSIS = YES;
				CLANG_WARN_STRICT_PROTOTYPES = YES;
				CLANG_WARN_SUSPICIOUS_MOVE = YES;
				CLANG_WARN_UNGUARDED_AVAILABILITY = YES_AGGRESSIVE;
				CLANG_WARN_UNREACHABLE_CODE = YES;
				CLANG_WARN__DUPLICATE_METHOD_MATCH = YES;
				COPY_PHASE_STRIP = NO;
				DEBUG_INFORMATION_FORMAT = dwarf;
				ENABLE_STRICT_OBJC_MSGSEND = YES;
				ENABLE_TESTABILITY = YES;
				GCC_C_LANGUAGE_STANDARD = gnu11;
				GCC_DYNAMIC_NO_PIC = NO;
				GCC_NO_COMMON_BLOCKS = YES;
				GCC_OPTIMIZATION_LEVEL = 0;
				GCC_PREPROCESSOR_DEFINITIONS = (
					"DEBUG=1",
					"$(inherited)",
				);
				GCC_WARN_64_TO_32_BIT_CONVERSION = YES;
				GCC_WARN_ABOUT_RETURN_TYPE = YES_ERROR;
				GCC_WARN_UNDECLARED_SELECTOR = YES;
				GCC_WARN_UNINITIALIZED_AUTOS = YES_AGGRESSIVE;
				GCC_WARN_UNUSED_FUNCTION = YES;
				GCC_WARN_UNUSED_VARIABLE = YES;
				IPHONEOS_DEPLOYMENT_TARGET = 14.5;
				MTL_ENABLE_DEBUG_INFO = INCLUDE_SOURCE;
				MTL_FAST_MATH = YES;
				ONLY_ACTIVE_ARCH = YES;
				SDKROOT = iphoneos;
				SWIFT_ACTIVE_COMPILATION_CONDITIONS = DEBUG;
				SWIFT_OPTIMIZATION_LEVEL = "-Onone";
			};
			name = Debug;
		};
		7F2FBE8C26F4B80C00760483 /* Release */ = {
			isa = XCBuildConfiguration;
			buildSettings = {
				ALWAYS_SEARCH_USER_PATHS = NO;
				CLANG_ANALYZER_NONNULL = YES;
				CLANG_ANALYZER_NUMBER_OBJECT_CONVERSION = YES_AGGRESSIVE;
				CLANG_CXX_LANGUAGE_STANDARD = "gnu++14";
				CLANG_CXX_LIBRARY = "libc++";
				CLANG_ENABLE_MODULES = YES;
				CLANG_ENABLE_OBJC_ARC = YES;
				CLANG_ENABLE_OBJC_WEAK = YES;
				CLANG_WARN_BLOCK_CAPTURE_AUTORELEASING = YES;
				CLANG_WARN_BOOL_CONVERSION = YES;
				CLANG_WARN_COMMA = YES;
				CLANG_WARN_CONSTANT_CONVERSION = YES;
				CLANG_WARN_DEPRECATED_OBJC_IMPLEMENTATIONS = YES;
				CLANG_WARN_DIRECT_OBJC_ISA_USAGE = YES_ERROR;
				CLANG_WARN_DOCUMENTATION_COMMENTS = YES;
				CLANG_WARN_EMPTY_BODY = YES;
				CLANG_WARN_ENUM_CONVERSION = YES;
				CLANG_WARN_INFINITE_RECURSION = YES;
				CLANG_WARN_INT_CONVERSION = YES;
				CLANG_WARN_NON_LITERAL_NULL_CONVERSION = YES;
				CLANG_WARN_OBJC_IMPLICIT_RETAIN_SELF = YES;
				CLANG_WARN_OBJC_LITERAL_CONVERSION = YES;
				CLANG_WARN_OBJC_ROOT_CLASS = YES_ERROR;
				CLANG_WARN_QUOTED_INCLUDE_IN_FRAMEWORK_HEADER = YES;
				CLANG_WARN_RANGE_LOOP_ANALYSIS = YES;
				CLANG_WARN_STRICT_PROTOTYPES = YES;
				CLANG_WARN_SUSPICIOUS_MOVE = YES;
				CLANG_WARN_UNGUARDED_AVAILABILITY = YES_AGGRESSIVE;
				CLANG_WARN_UNREACHABLE_CODE = YES;
				CLANG_WARN__DUPLICATE_METHOD_MATCH = YES;
				COPY_PHASE_STRIP = NO;
				DEBUG_INFORMATION_FORMAT = "dwarf-with-dsym";
				ENABLE_NS_ASSERTIONS = NO;
				ENABLE_STRICT_OBJC_MSGSEND = YES;
				GCC_C_LANGUAGE_STANDARD = gnu11;
				GCC_NO_COMMON_BLOCKS = YES;
				GCC_WARN_64_TO_32_BIT_CONVERSION = YES;
				GCC_WARN_ABOUT_RETURN_TYPE = YES_ERROR;
				GCC_WARN_UNDECLARED_SELECTOR = YES;
				GCC_WARN_UNINITIALIZED_AUTOS = YES_AGGRESSIVE;
				GCC_WARN_UNUSED_FUNCTION = YES;
				GCC_WARN_UNUSED_VARIABLE = YES;
				IPHONEOS_DEPLOYMENT_TARGET = 14.5;
				MTL_ENABLE_DEBUG_INFO = NO;
				MTL_FAST_MATH = YES;
				SDKROOT = iphoneos;
				SWIFT_COMPILATION_MODE = wholemodule;
				SWIFT_OPTIMIZATION_LEVEL = "-O";
				VALIDATE_PRODUCT = YES;
			};
			name = Release;
		};
		7F2FBE8E26F4B80C00760483 /* Debug */ = {
			isa = XCBuildConfiguration;
			baseConfigurationReference = FC811A9E3926E754AFE4B34E /* Pods-CityAirportSearch.debug.xcconfig */;
			buildSettings = {
				ASSETCATALOG_COMPILER_APPICON_NAME = AppIcon;
				ASSETCATALOG_COMPILER_GLOBAL_ACCENT_COLOR_NAME = AccentColor;
				CODE_SIGN_STYLE = Automatic;
				DEVELOPMENT_TEAM = F7DAHNMXP5;
				INFOPLIST_FILE = CityAirportSearch/Info.plist;
				LD_RUNPATH_SEARCH_PATHS = (
					"$(inherited)",
					"@executable_path/Frameworks",
				);
				PRODUCT_BUNDLE_IDENTIFIER = com.project.cityairportsearch;
				PRODUCT_NAME = "$(TARGET_NAME)";
				SWIFT_VERSION = 5.0;
				TARGETED_DEVICE_FAMILY = "1,2";
			};
			name = Debug;
		};
		7F2FBE8F26F4B80C00760483 /* Release */ = {
			isa = XCBuildConfiguration;
			baseConfigurationReference = 50186B1938A6C525B26EFEC8 /* Pods-CityAirportSearch.release.xcconfig */;
			buildSettings = {
				ASSETCATALOG_COMPILER_APPICON_NAME = AppIcon;
				ASSETCATALOG_COMPILER_GLOBAL_ACCENT_COLOR_NAME = AccentColor;
				CODE_SIGN_STYLE = Automatic;
				DEVELOPMENT_TEAM = F7DAHNMXP5;
				INFOPLIST_FILE = CityAirportSearch/Info.plist;
				LD_RUNPATH_SEARCH_PATHS = (
					"$(inherited)",
					"@executable_path/Frameworks",
				);
				PRODUCT_BUNDLE_IDENTIFIER = com.project.cityairportsearch;
				PRODUCT_NAME = "$(TARGET_NAME)";
				SWIFT_VERSION = 5.0;
				TARGETED_DEVICE_FAMILY = "1,2";
			};
			name = Release;
		};
/* End XCBuildConfiguration section */

/* Begin XCConfigurationList section */
		7F2FBE7426F4B80B00760483 /* Build configuration list for PBXProject "CityAirportSearch" */ = {
			isa = XCConfigurationList;
			buildConfigurations = (
				7F2FBE8B26F4B80C00760483 /* Debug */,
				7F2FBE8C26F4B80C00760483 /* Release */,
			);
			defaultConfigurationIsVisible = 0;
			defaultConfigurationName = Release;
		};
		7F2FBE8D26F4B80C00760483 /* Build configuration list for PBXNativeTarget "CityAirportSearch" */ = {
			isa = XCConfigurationList;
			buildConfigurations = (
				7F2FBE8E26F4B80C00760483 /* Debug */,
				7F2FBE8F26F4B80C00760483 /* Release */,
			);
			defaultConfigurationIsVisible = 0;
			defaultConfigurationName = Release;
		};
/* End XCConfigurationList section */
	};
	rootObject = 7F2FBE7126F4B80B00760483 /* Project object */;
}
